// !$*UTF8*$!
{
	archiveVersion = 1;
	classes = {
	};
	objectVersion = 51;
	objects = {

/* Begin PBXBuildFile section */
		04D77BF2138D5AB54B62ABC1 /* Pods_Flix.framework in Frameworks */ = {isa = PBXBuildFile; fileRef = 42184D79C077A9748B418741 /* Pods_Flix.framework */; };
		847C223B0213E522A46144E1 /* Pods_Flix_FlixUITests.framework in Frameworks */ = {isa = PBXBuildFile; fileRef = 2FAC58EA97BDBD328D5375DC /* Pods_Flix_FlixUITests.framework */; };
		B975D51AD53FA9DB5578C426 /* Pods_FlixTests.framework in Frameworks */ = {isa = PBXBuildFile; fileRef = 2B5876DB47B0D0AD454B3E9A /* Pods_FlixTests.framework */; };
		FACB04FF254A0A99003D3ED6 /* MovieDetailsViewController.swift in Sources */ = {isa = PBXBuildFile; fileRef = FACB04FE254A0A99003D3ED6 /* MovieDetailsViewController.swift */; };
		FACB0504254A12BA003D3ED6 /* MovieGridViewController.swift in Sources */ = {isa = PBXBuildFile; fileRef = FACB0503254A12BA003D3ED6 /* MovieGridViewController.swift */; };
		FAD467D6254144F4000B6727 /* AppDelegate.swift in Sources */ = {isa = PBXBuildFile; fileRef = FAD467D5254144F4000B6727 /* AppDelegate.swift */; };
		FAD467D8254144F4000B6727 /* SceneDelegate.swift in Sources */ = {isa = PBXBuildFile; fileRef = FAD467D7254144F4000B6727 /* SceneDelegate.swift */; };
		FAD467DA254144F4000B6727 /* ViewController.swift in Sources */ = {isa = PBXBuildFile; fileRef = FAD467D9254144F4000B6727 /* ViewController.swift */; };
		FAD467DD254144F4000B6727 /* Main.storyboard in Resources */ = {isa = PBXBuildFile; fileRef = FAD467DB254144F4000B6727 /* Main.storyboard */; };
		FAD467DF254144F9000B6727 /* Assets.xcassets in Resources */ = {isa = PBXBuildFile; fileRef = FAD467DE254144F9000B6727 /* Assets.xcassets */; };
		FAD467E2254144F9000B6727 /* LaunchScreen.storyboard in Resources */ = {isa = PBXBuildFile; fileRef = FAD467E0254144F9000B6727 /* LaunchScreen.storyboard */; };
		FAD467ED254144F9000B6727 /* FlixTests.swift in Sources */ = {isa = PBXBuildFile; fileRef = FAD467EC254144F9000B6727 /* FlixTests.swift */; };
		FAD467F8254144F9000B6727 /* FlixUITests.swift in Sources */ = {isa = PBXBuildFile; fileRef = FAD467F7254144F9000B6727 /* FlixUITests.swift */; };
		FAD4680925414668000B6727 /* MoviesViewController.swift in Sources */ = {isa = PBXBuildFile; fileRef = FAD4680825414668000B6727 /* MoviesViewController.swift */; };
		FAD468112541512E000B6727 /* MovieCell.swift in Sources */ = {isa = PBXBuildFile; fileRef = FAD468102541512E000B6727 /* MovieCell.swift */; };
		FAF4152F254A5546007D8F40 /* MovieGridCell.swift in Sources */ = {isa = PBXBuildFile; fileRef = FAF4152E254A5546007D8F40 /* MovieGridCell.swift */; };
/* End PBXBuildFile section */

/* Begin PBXContainerItemProxy section */
		FAD467E9254144F9000B6727 /* PBXContainerItemProxy */ = {
			isa = PBXContainerItemProxy;
			containerPortal = FAD467CA254144F4000B6727 /* Project object */;
			proxyType = 1;
			remoteGlobalIDString = FAD467D1254144F4000B6727;
			remoteInfo = Flix;
		};
		FAD467F4254144F9000B6727 /* PBXContainerItemProxy */ = {
			isa = PBXContainerItemProxy;
			containerPortal = FAD467CA254144F4000B6727 /* Project object */;
			proxyType = 1;
			remoteGlobalIDString = FAD467D1254144F4000B6727;
			remoteInfo = Flix;
		};
/* End PBXContainerItemProxy section */

/* Begin PBXFileReference section */
		2B5876DB47B0D0AD454B3E9A /* Pods_FlixTests.framework */ = {isa = PBXFileReference; explicitFileType = wrapper.framework; includeInIndex = 0; path = Pods_FlixTests.framework; sourceTree = BUILT_PRODUCTS_DIR; };
		2FAC58EA97BDBD328D5375DC /* Pods_Flix_FlixUITests.framework */ = {isa = PBXFileReference; explicitFileType = wrapper.framework; includeInIndex = 0; path = Pods_Flix_FlixUITests.framework; sourceTree = BUILT_PRODUCTS_DIR; };
		42184D79C077A9748B418741 /* Pods_Flix.framework */ = {isa = PBXFileReference; explicitFileType = wrapper.framework; includeInIndex = 0; path = Pods_Flix.framework; sourceTree = BUILT_PRODUCTS_DIR; };
		47C1C61212E46D74E549A1C9 /* Pods-Flix-FlixUITests.release.xcconfig */ = {isa = PBXFileReference; includeInIndex = 1; lastKnownFileType = text.xcconfig; name = "Pods-Flix-FlixUITests.release.xcconfig"; path = "Target Support Files/Pods-Flix-FlixUITests/Pods-Flix-FlixUITests.release.xcconfig"; sourceTree = "<group>"; };
		50E476C0D514312438EB9711 /* Pods-Flix.release.xcconfig */ = {isa = PBXFileReference; includeInIndex = 1; lastKnownFileType = text.xcconfig; name = "Pods-Flix.release.xcconfig"; path = "Target Support Files/Pods-Flix/Pods-Flix.release.xcconfig"; sourceTree = "<group>"; };
		5933B778BAC6C03A3331B20B /* Pods-Flix.debug.xcconfig */ = {isa = PBXFileReference; includeInIndex = 1; lastKnownFileType = text.xcconfig; name = "Pods-Flix.debug.xcconfig"; path = "Target Support Files/Pods-Flix/Pods-Flix.debug.xcconfig"; sourceTree = "<group>"; };
		89ED16D361F825FEFD54D649 /* Pods-FlixTests.debug.xcconfig */ = {isa = PBXFileReference; includeInIndex = 1; lastKnownFileType = text.xcconfig; name = "Pods-FlixTests.debug.xcconfig"; path = "Target Support Files/Pods-FlixTests/Pods-FlixTests.debug.xcconfig"; sourceTree = "<group>"; };
		ED1B90B8D29FAA4D44E1EC98 /* Pods-FlixTests.release.xcconfig */ = {isa = PBXFileReference; includeInIndex = 1; lastKnownFileType = text.xcconfig; name = "Pods-FlixTests.release.xcconfig"; path = "Target Support Files/Pods-FlixTests/Pods-FlixTests.release.xcconfig"; sourceTree = "<group>"; };
		FA4F5E5851B24559C34FCF0A /* Pods-Flix-FlixUITests.debug.xcconfig */ = {isa = PBXFileReference; includeInIndex = 1; lastKnownFileType = text.xcconfig; name = "Pods-Flix-FlixUITests.debug.xcconfig"; path = "Target Support Files/Pods-Flix-FlixUITests/Pods-Flix-FlixUITests.debug.xcconfig"; sourceTree = "<group>"; };
		FACB04FE254A0A99003D3ED6 /* MovieDetailsViewController.swift */ = {isa = PBXFileReference; lastKnownFileType = sourcecode.swift; path = MovieDetailsViewController.swift; sourceTree = "<group>"; };
		FACB0503254A12BA003D3ED6 /* MovieGridViewController.swift */ = {isa = PBXFileReference; lastKnownFileType = sourcecode.swift; path = MovieGridViewController.swift; sourceTree = "<group>"; };
		FAD467D2254144F4000B6727 /* Flix.app */ = {isa = PBXFileReference; explicitFileType = wrapper.application; includeInIndex = 0; path = Flix.app; sourceTree = BUILT_PRODUCTS_DIR; };
		FAD467D5254144F4000B6727 /* AppDelegate.swift */ = {isa = PBXFileReference; lastKnownFileType = sourcecode.swift; path = AppDelegate.swift; sourceTree = "<group>"; };
		FAD467D7254144F4000B6727 /* SceneDelegate.swift */ = {isa = PBXFileReference; lastKnownFileType = sourcecode.swift; path = SceneDelegate.swift; sourceTree = "<group>"; };
		FAD467D9254144F4000B6727 /* ViewController.swift */ = {isa = PBXFileReference; lastKnownFileType = sourcecode.swift; path = ViewController.swift; sourceTree = "<group>"; };
		FAD467DC254144F4000B6727 /* Base */ = {isa = PBXFileReference; lastKnownFileType = file.storyboard; name = Base; path = Base.lproj/Main.storyboard; sourceTree = "<group>"; };
		FAD467DE254144F9000B6727 /* Assets.xcassets */ = {isa = PBXFileReference; lastKnownFileType = folder.assetcatalog; path = Assets.xcassets; sourceTree = "<group>"; };
		FAD467E1254144F9000B6727 /* Base */ = {isa = PBXFileReference; lastKnownFileType = file.storyboard; name = Base; path = Base.lproj/LaunchScreen.storyboard; sourceTree = "<group>"; };
		FAD467E3254144F9000B6727 /* Info.plist */ = {isa = PBXFileReference; lastKnownFileType = text.plist.xml; path = Info.plist; sourceTree = "<group>"; };
		FAD467E8254144F9000B6727 /* FlixTests.xctest */ = {isa = PBXFileReference; explicitFileType = wrapper.cfbundle; includeInIndex = 0; path = FlixTests.xctest; sourceTree = BUILT_PRODUCTS_DIR; };
		FAD467EC254144F9000B6727 /* FlixTests.swift */ = {isa = PBXFileReference; lastKnownFileType = sourcecode.swift; path = FlixTests.swift; sourceTree = "<group>"; };
		FAD467EE254144F9000B6727 /* Info.plist */ = {isa = PBXFileReference; lastKnownFileType = text.plist.xml; path = Info.plist; sourceTree = "<group>"; };
		FAD467F3254144F9000B6727 /* FlixUITests.xctest */ = {isa = PBXFileReference; explicitFileType = wrapper.cfbundle; includeInIndex = 0; path = FlixUITests.xctest; sourceTree = BUILT_PRODUCTS_DIR; };
		FAD467F7254144F9000B6727 /* FlixUITests.swift */ = {isa = PBXFileReference; lastKnownFileType = sourcecode.swift; path = FlixUITests.swift; sourceTree = "<group>"; };
		FAD467F9254144F9000B6727 /* Info.plist */ = {isa = PBXFileReference; lastKnownFileType = text.plist.xml; path = Info.plist; sourceTree = "<group>"; };
		FAD4680825414668000B6727 /* MoviesViewController.swift */ = {isa = PBXFileReference; lastKnownFileType = sourcecode.swift; path = MoviesViewController.swift; sourceTree = "<group>"; };
		FAD468102541512E000B6727 /* MovieCell.swift */ = {isa = PBXFileReference; lastKnownFileType = sourcecode.swift; path = MovieCell.swift; sourceTree = "<group>"; };
		FAF4152E254A5546007D8F40 /* MovieGridCell.swift */ = {isa = PBXFileReference; lastKnownFileType = sourcecode.swift; path = MovieGridCell.swift; sourceTree = "<group>"; };
/* End PBXFileReference section */

/* Begin PBXFrameworksBuildPhase section */
		FAD467CF254144F4000B6727 /* Frameworks */ = {
			isa = PBXFrameworksBuildPhase;
			buildActionMask = 2147483647;
			files = (
				04D77BF2138D5AB54B62ABC1 /* Pods_Flix.framework in Frameworks */,
			);
			runOnlyForDeploymentPostprocessing = 0;
		};
		FAD467E5254144F9000B6727 /* Frameworks */ = {
			isa = PBXFrameworksBuildPhase;
			buildActionMask = 2147483647;
			files = (
				B975D51AD53FA9DB5578C426 /* Pods_FlixTests.framework in Frameworks */,
			);
			runOnlyForDeploymentPostprocessing = 0;
		};
		FAD467F0254144F9000B6727 /* Frameworks */ = {
			isa = PBXFrameworksBuildPhase;
			buildActionMask = 2147483647;
			files = (
				847C223B0213E522A46144E1 /* Pods_Flix_FlixUITests.framework in Frameworks */,
			);
			runOnlyForDeploymentPostprocessing = 0;
		};
/* End PBXFrameworksBuildPhase section */

/* Begin PBXGroup section */
		4C7CEC0E40E722BCCF94DDAD /* Frameworks */ = {
			isa = PBXGroup;
			children = (
				42184D79C077A9748B418741 /* Pods_Flix.framework */,
				2FAC58EA97BDBD328D5375DC /* Pods_Flix_FlixUITests.framework */,
				2B5876DB47B0D0AD454B3E9A /* Pods_FlixTests.framework */,
			);
			name = Frameworks;
			sourceTree = "<group>";
		};
		6C9F2E5FE3FC135F7161E883 /* Pods */ = {
			isa = PBXGroup;
			children = (
				5933B778BAC6C03A3331B20B /* Pods-Flix.debug.xcconfig */,
				50E476C0D514312438EB9711 /* Pods-Flix.release.xcconfig */,
				FA4F5E5851B24559C34FCF0A /* Pods-Flix-FlixUITests.debug.xcconfig */,
				47C1C61212E46D74E549A1C9 /* Pods-Flix-FlixUITests.release.xcconfig */,
				89ED16D361F825FEFD54D649 /* Pods-FlixTests.debug.xcconfig */,
				ED1B90B8D29FAA4D44E1EC98 /* Pods-FlixTests.release.xcconfig */,
			);
			path = Pods;
			sourceTree = "<group>";
		};
		FAD467C9254144F4000B6727 = {
			isa = PBXGroup;
			children = (
				FAD467D4254144F4000B6727 /* Flix */,
				FAD467EB254144F9000B6727 /* FlixTests */,
				FAD467F6254144F9000B6727 /* FlixUITests */,
				FAD467D3254144F4000B6727 /* Products */,
				6C9F2E5FE3FC135F7161E883 /* Pods */,
				4C7CEC0E40E722BCCF94DDAD /* Frameworks */,
			);
			sourceTree = "<group>";
		};
		FAD467D3254144F4000B6727 /* Products */ = {
			isa = PBXGroup;
			children = (
				FAD467D2254144F4000B6727 /* Flix.app */,
				FAD467E8254144F9000B6727 /* FlixTests.xctest */,
				FAD467F3254144F9000B6727 /* FlixUITests.xctest */,
			);
			name = Products;
			sourceTree = "<group>";
		};
		FAD467D4254144F4000B6727 /* Flix */ = {
			isa = PBXGroup;
			children = (
				FAD467D5254144F4000B6727 /* AppDelegate.swift */,
				FAD467D7254144F4000B6727 /* SceneDelegate.swift */,
				FAD467D9254144F4000B6727 /* ViewController.swift */,
				FAD467DB254144F4000B6727 /* Main.storyboard */,
				FAD467DE254144F9000B6727 /* Assets.xcassets */,
				FAD467E0254144F9000B6727 /* LaunchScreen.storyboard */,
				FAD467E3254144F9000B6727 /* Info.plist */,
				FAD4680825414668000B6727 /* MoviesViewController.swift */,
				FAD468102541512E000B6727 /* MovieCell.swift */,
				FACB04FE254A0A99003D3ED6 /* MovieDetailsViewController.swift */,
				FACB0503254A12BA003D3ED6 /* MovieGridViewController.swift */,
				FAF4152E254A5546007D8F40 /* MovieGridCell.swift */,
			);
			path = Flix;
			sourceTree = "<group>";
		};
		FAD467EB254144F9000B6727 /* FlixTests */ = {
			isa = PBXGroup;
			children = (
				FAD467EC254144F9000B6727 /* FlixTests.swift */,
				FAD467EE254144F9000B6727 /* Info.plist */,
			);
			path = FlixTests;
			sourceTree = "<group>";
		};
		FAD467F6254144F9000B6727 /* FlixUITests */ = {
			isa = PBXGroup;
			children = (
				FAD467F7254144F9000B6727 /* FlixUITests.swift */,
				FAD467F9254144F9000B6727 /* Info.plist */,
			);
			path = FlixUITests;
			sourceTree = "<group>";
		};
/* End PBXGroup section */

/* Begin PBXNativeTarget section */
		FAD467D1254144F4000B6727 /* Flix */ = {
			isa = PBXNativeTarget;
			buildConfigurationList = FAD467FC254144F9000B6727 /* Build configuration list for PBXNativeTarget "Flix" */;
			buildPhases = (
				31568CDD82DA34B376D35844 /* [CP] Check Pods Manifest.lock */,
				FAD467CE254144F4000B6727 /* Sources */,
				FAD467CF254144F4000B6727 /* Frameworks */,
				FAD467D0254144F4000B6727 /* Resources */,
				22B74C1B662EB0EF262B24C0 /* [CP] Embed Pods Frameworks */,
			);
			buildRules = (
			);
			dependencies = (
			);
			name = Flix;
			productName = Flix;
			productReference = FAD467D2254144F4000B6727 /* Flix.app */;
			productType = "com.apple.product-type.application";
		};
		FAD467E7254144F9000B6727 /* FlixTests */ = {
			isa = PBXNativeTarget;
			buildConfigurationList = FAD467FF254144F9000B6727 /* Build configuration list for PBXNativeTarget "FlixTests" */;
			buildPhases = (
				B491749C280A310408F1A962 /* [CP] Check Pods Manifest.lock */,
				FAD467E4254144F9000B6727 /* Sources */,
				FAD467E5254144F9000B6727 /* Frameworks */,
				FAD467E6254144F9000B6727 /* Resources */,
			);
			buildRules = (
			);
			dependencies = (
				FAD467EA254144F9000B6727 /* PBXTargetDependency */,
			);
			name = FlixTests;
			productName = FlixTests;
			productReference = FAD467E8254144F9000B6727 /* FlixTests.xctest */;
			productType = "com.apple.product-type.bundle.unit-test";
		};
		FAD467F2254144F9000B6727 /* FlixUITests */ = {
			isa = PBXNativeTarget;
			buildConfigurationList = FAD46802254144F9000B6727 /* Build configuration list for PBXNativeTarget "FlixUITests" */;
			buildPhases = (
				9B809940DA5A4FBEEA02D93D /* [CP] Check Pods Manifest.lock */,
				FAD467EF254144F9000B6727 /* Sources */,
				FAD467F0254144F9000B6727 /* Frameworks */,
				FAD467F1254144F9000B6727 /* Resources */,
				27678556D505D9A4B178ED66 /* [CP] Embed Pods Frameworks */,
			);
			buildRules = (
			);
			dependencies = (
				FAD467F5254144F9000B6727 /* PBXTargetDependency */,
			);
			name = FlixUITests;
			productName = FlixUITests;
			productReference = FAD467F3254144F9000B6727 /* FlixUITests.xctest */;
			productType = "com.apple.product-type.bundle.ui-testing";
		};
/* End PBXNativeTarget section */

/* Begin PBXProject section */
		FAD467CA254144F4000B6727 /* Project object */ = {
			isa = PBXProject;
			attributes = {
				LastSwiftUpdateCheck = 1200;
				LastUpgradeCheck = 1200;
				TargetAttributes = {
					FAD467D1254144F4000B6727 = {
						CreatedOnToolsVersion = 12.0.1;
					};
					FAD467E7254144F9000B6727 = {
						CreatedOnToolsVersion = 12.0.1;
						TestTargetID = FAD467D1254144F4000B6727;
					};
					FAD467F2254144F9000B6727 = {
						CreatedOnToolsVersion = 12.0.1;
						TestTargetID = FAD467D1254144F4000B6727;
					};
				};
			};
			buildConfigurationList = FAD467CD254144F4000B6727 /* Build configuration list for PBXProject "Flix" */;
			compatibilityVersion = "Xcode 9.3";
			developmentRegion = en;
			hasScannedForEncodings = 0;
			knownRegions = (
				en,
				Base,
			);
			mainGroup = FAD467C9254144F4000B6727;
			productRefGroup = FAD467D3254144F4000B6727 /* Products */;
			projectDirPath = "";
			projectRoot = "";
			targets = (
				FAD467D1254144F4000B6727 /* Flix */,
				FAD467E7254144F9000B6727 /* FlixTests */,
				FAD467F2254144F9000B6727 /* FlixUITests */,
			);
		};
/* End PBXProject section */

/* Begin PBXResourcesBuildPhase section */
		FAD467D0254144F4000B6727 /* Resources */ = {
			isa = PBXResourcesBuildPhase;
			buildActionMask = 2147483647;
			files = (
				FAD467E2254144F9000B6727 /* LaunchScreen.storyboard in Resources */,
				FAD467DF254144F9000B6727 /* Assets.xcassets in Resources */,
				FAD467DD254144F4000B6727 /* Main.storyboard in Resources */,
			);
			runOnlyForDeploymentPostprocessing = 0;
		};
		FAD467E6254144F9000B6727 /* Resources */ = {
			isa = PBXResourcesBuildPhase;
			buildActionMask = 2147483647;
			files = (
			);
			runOnlyForDeploymentPostprocessing = 0;
		};
		FAD467F1254144F9000B6727 /* Resources */ = {
			isa = PBXResourcesBuildPhase;
			buildActionMask = 2147483647;
			files = (
			);
			runOnlyForDeploymentPostprocessing = 0;
		};
/* End PBXResourcesBuildPhase section */

/* Begin PBXShellScriptBuildPhase section */
		22B74C1B662EB0EF262B24C0 /* [CP] Embed Pods Frameworks */ = {
			isa = PBXShellScriptBuildPhase;
			buildActionMask = 2147483647;
			files = (
			);
			inputFileListPaths = (
				"${PODS_ROOT}/Target Support Files/Pods-Flix/Pods-Flix-frameworks-${CONFIGURATION}-input-files.xcfilelist",
			);
			name = "[CP] Embed Pods Frameworks";
			outputFileListPaths = (
				"${PODS_ROOT}/Target Support Files/Pods-Flix/Pods-Flix-frameworks-${CONFIGURATION}-output-files.xcfilelist",
			);
			runOnlyForDeploymentPostprocessing = 0;
			shellPath = /bin/sh;
			shellScript = "\"${PODS_ROOT}/Target Support Files/Pods-Flix/Pods-Flix-frameworks.sh\"\n";
			showEnvVarsInLog = 0;
		};
		27678556D505D9A4B178ED66 /* [CP] Embed Pods Frameworks */ = {
			isa = PBXShellScriptBuildPhase;
			buildActionMask = 2147483647;
			files = (
			);
			inputFileListPaths = (
				"${PODS_ROOT}/Target Support Files/Pods-Flix-FlixUITests/Pods-Flix-FlixUITests-frameworks-${CONFIGURATION}-input-files.xcfilelist",
			);
			name = "[CP] Embed Pods Frameworks";
			outputFileListPaths = (
				"${PODS_ROOT}/Target Support Files/Pods-Flix-FlixUITests/Pods-Flix-FlixUITests-frameworks-${CONFIGURATION}-output-files.xcfilelist",
			);
			runOnlyForDeploymentPostprocessing = 0;
			shellPath = /bin/sh;
			shellScript = "\"${PODS_ROOT}/Target Support Files/Pods-Flix-FlixUITests/Pods-Flix-FlixUITests-frameworks.sh\"\n";
			showEnvVarsInLog = 0;
		};
		31568CDD82DA34B376D35844 /* [CP] Check Pods Manifest.lock */ = {
			isa = PBXShellScriptBuildPhase;
			buildActionMask = 2147483647;
			files = (
			);
			inputFileListPaths = (
			);
			inputPaths = (
				"${PODS_PODFILE_DIR_PATH}/Podfile.lock",
				"${PODS_ROOT}/Manifest.lock",
			);
			name = "[CP] Check Pods Manifest.lock";
			outputFileListPaths = (
			);
			outputPaths = (
				"$(DERIVED_FILE_DIR)/Pods-Flix-checkManifestLockResult.txt",
			);
			runOnlyForDeploymentPostprocessing = 0;
			shellPath = /bin/sh;
			shellScript = "diff \"${PODS_PODFILE_DIR_PATH}/Podfile.lock\" \"${PODS_ROOT}/Manifest.lock\" > /dev/null\nif [ $? != 0 ] ; then\n    # print error to STDERR\n    echo \"error: The sandbox is not in sync with the Podfile.lock. Run 'pod install' or update your CocoaPods installation.\" >&2\n    exit 1\nfi\n# This output is used by Xcode 'outputs' to avoid re-running this script phase.\necho \"SUCCESS\" > \"${SCRIPT_OUTPUT_FILE_0}\"\n";
			showEnvVarsInLog = 0;
		};
		9B809940DA5A4FBEEA02D93D /* [CP] Check Pods Manifest.lock */ = {
			isa = PBXShellScriptBuildPhase;
			buildActionMask = 2147483647;
			files = (
			);
			inputFileListPaths = (
			);
			inputPaths = (
				"${PODS_PODFILE_DIR_PATH}/Podfile.lock",
				"${PODS_ROOT}/Manifest.lock",
			);
			name = "[CP] Check Pods Manifest.lock";
			outputFileListPaths = (
			);
			outputPaths = (
				"$(DERIVED_FILE_DIR)/Pods-Flix-FlixUITests-checkManifestLockResult.txt",
			);
			runOnlyForDeploymentPostprocessing = 0;
			shellPath = /bin/sh;
			shellScript = "diff \"${PODS_PODFILE_DIR_PATH}/Podfile.lock\" \"${PODS_ROOT}/Manifest.lock\" > /dev/null\nif [ $? != 0 ] ; then\n    # print error to STDERR\n    echo \"error: The sandbox is not in sync with the Podfile.lock. Run 'pod install' or update your CocoaPods installation.\" >&2\n    exit 1\nfi\n# This output is used by Xcode 'outputs' to avoid re-running this script phase.\necho \"SUCCESS\" > \"${SCRIPT_OUTPUT_FILE_0}\"\n";
			showEnvVarsInLog = 0;
		};
		B491749C280A310408F1A962 /* [CP] Check Pods Manifest.lock */ = {
			isa = PBXShellScriptBuildPhase;
			buildActionMask = 2147483647;
			files = (
			);
			inputFileListPaths = (
			);
			inputPaths = (
				"${PODS_PODFILE_DIR_PATH}/Podfile.lock",
				"${PODS_ROOT}/Manifest.lock",
			);
			name = "[CP] Check Pods Manifest.lock";
			outputFileListPaths = (
			);
			outputPaths = (
				"$(DERIVED_FILE_DIR)/Pods-FlixTests-checkManifestLockResult.txt",
			);
			runOnlyForDeploymentPostprocessing = 0;
			shellPath = /bin/sh;
			shellScript = "diff \"${PODS_PODFILE_DIR_PATH}/Podfile.lock\" \"${PODS_ROOT}/Manifest.lock\" > /dev/null\nif [ $? != 0 ] ; then\n    # print error to STDERR\n    echo \"error: The sandbox is not in sync with the Podfile.lock. Run 'pod install' or update your CocoaPods installation.\" >&2\n    exit 1\nfi\n# This output is used by Xcode 'outputs' to avoid re-running this script phase.\necho \"SUCCESS\" > \"${SCRIPT_OUTPUT_FILE_0}\"\n";
			showEnvVarsInLog = 0;
		};
/* End PBXShellScriptBuildPhase section */

/* Begin PBXSourcesBuildPhase section */
		FAD467CE254144F4000B6727 /* Sources */ = {
			isa = PBXSourcesBuildPhase;
			buildActionMask = 2147483647;
			files = (
				FAD467DA254144F4000B6727 /* ViewController.swift in Sources */,
				FAD467D6254144F4000B6727 /* AppDelegate.swift in Sources */,
				FACB04FF254A0A99003D3ED6 /* MovieDetailsViewController.swift in Sources */,
				FACB0504254A12BA003D3ED6 /* MovieGridViewController.swift in Sources */,
				FAF4152F254A5546007D8F40 /* MovieGridCell.swift in Sources */,
				FAD467D8254144F4000B6727 /* SceneDelegate.swift in Sources */,
				FAD468112541512E000B6727 /* MovieCell.swift in Sources */,
				FAD4680925414668000B6727 /* MoviesViewController.swift in Sources */,
			);
			runOnlyForDeploymentPostprocessing = 0;
		};
		FAD467E4254144F9000B6727 /* Sources */ = {
			isa = PBXSourcesBuildPhase;
			buildActionMask = 2147483647;
			files = (
				FAD467ED254144F9000B6727 /* FlixTests.swift in Sources */,
			);
			runOnlyForDeploymentPostprocessing = 0;
		};
		FAD467EF254144F9000B6727 /* Sources */ = {
			isa = PBXSourcesBuildPhase;
			buildActionMask = 2147483647;
			files = (
				FAD467F8254144F9000B6727 /* FlixUITests.swift in Sources */,
			);
			runOnlyForDeploymentPostprocessing = 0;
		};
/* End PBXSourcesBuildPhase section */

/* Begin PBXTargetDependency section */
		FAD467EA254144F9000B6727 /* PBXTargetDependency */ = {
			isa = PBXTargetDependency;
			target = FAD467D1254144F4000B6727 /* Flix */;
			targetProxy = FAD467E9254144F9000B6727 /* PBXContainerItemProxy */;
		};
		FAD467F5254144F9000B6727 /* PBXTargetDependency */ = {
			isa = PBXTargetDependency;
			target = FAD467D1254144F4000B6727 /* Flix */;
			targetProxy = FAD467F4254144F9000B6727 /* PBXContainerItemProxy */;
		};
/* End PBXTargetDependency section */

/* Begin PBXVariantGroup section */
		FAD467DB254144F4000B6727 /* Main.storyboard */ = {
			isa = PBXVariantGroup;
			children = (
				FAD467DC254144F4000B6727 /* Base */,
			);
			name = Main.storyboard;
			sourceTree = "<group>";
		};
		FAD467E0254144F9000B6727 /* LaunchScreen.storyboard */ = {
			isa = PBXVariantGroup;
			children = (
				FAD467E1254144F9000B6727 /* Base */,
			);
			name = LaunchScreen.storyboard;
			sourceTree = "<group>";
		};
/* End PBXVariantGroup section */

/* Begin XCBuildConfiguration section */
		FAD467FA254144F9000B6727 /* Debug */ = {
			isa = XCBuildConfiguration;
			buildSettings = {
				ALWAYS_SEARCH_USER_PATHS = NO;
				CLANG_ANALYZER_NONNULL = YES;
				CLANG_ANALYZER_NUMBER_OBJECT_CONVERSION = YES_AGGRESSIVE;
				CLANG_CXX_LANGUAGE_STANDARD = "gnu++14";
				CLANG_CXX_LIBRARY = "libc++";
				CLANG_ENABLE_MODULES = YES;
				CLANG_ENABLE_OBJC_ARC = YES;
				CLANG_ENABLE_OBJC_WEAK = YES;
				CLANG_WARN_BLOCK_CAPTURE_AUTORELEASING = YES;
				CLANG_WARN_BOOL_CONVERSION = YES;
				CLANG_WARN_COMMA = YES;
				CLANG_WARN_CONSTANT_CONVERSION = YES;
				CLANG_WARN_DEPRECATED_OBJC_IMPLEMENTATIONS = YES;
				CLANG_WARN_DIRECT_OBJC_ISA_USAGE = YES_ERROR;
				CLANG_WARN_DOCUMENTATION_COMMENTS = YES;
				CLANG_WARN_EMPTY_BODY = YES;
				CLANG_WARN_ENUM_CONVERSION = YES;
				CLANG_WARN_INFINITE_RECURSION = YES;
				CLANG_WARN_INT_CONVERSION = YES;
				CLANG_WARN_NON_LITERAL_NULL_CONVERSION = YES;
				CLANG_WARN_OBJC_IMPLICIT_RETAIN_SELF = YES;
				CLANG_WARN_OBJC_LITERAL_CONVERSION = YES;
				CLANG_WARN_OBJC_ROOT_CLASS = YES_ERROR;
				CLANG_WARN_QUOTED_INCLUDE_IN_FRAMEWORK_HEADER = YES;
				CLANG_WARN_RANGE_LOOP_ANALYSIS = YES;
				CLANG_WARN_STRICT_PROTOTYPES = YES;
				CLANG_WARN_SUSPICIOUS_MOVE = YES;
				CLANG_WARN_UNGUARDED_AVAILABILITY = YES_AGGRESSIVE;
				CLANG_WARN_UNREACHABLE_CODE = YES;
				CLANG_WARN__DUPLICATE_METHOD_MATCH = YES;
				COPY_PHASE_STRIP = NO;
				DEBUG_INFORMATION_FORMAT = dwarf;
				ENABLE_STRICT_OBJC_MSGSEND = YES;
				ENABLE_TESTABILITY = YES;
				GCC_C_LANGUAGE_STANDARD = gnu11;
				GCC_DYNAMIC_NO_PIC = NO;
				GCC_NO_COMMON_BLOCKS = YES;
				GCC_OPTIMIZATION_LEVEL = 0;
				GCC_PREPROCESSOR_DEFINITIONS = (
					"DEBUG=1",
					"$(inherited)",
				);
				GCC_WARN_64_TO_32_BIT_CONVERSION = YES;
				GCC_WARN_ABOUT_RETURN_TYPE = YES_ERROR;
				GCC_WARN_UNDECLARED_SELECTOR = YES;
				GCC_WARN_UNINITIALIZED_AUTOS = YES_AGGRESSIVE;
				GCC_WARN_UNUSED_FUNCTION = YES;
				GCC_WARN_UNUSED_VARIABLE = YES;
				IPHONEOS_DEPLOYMENT_TARGET = 14.0;
				MTL_ENABLE_DEBUG_INFO = INCLUDE_SOURCE;
				MTL_FAST_MATH = YES;
				ONLY_ACTIVE_ARCH = YES;
				SDKROOT = iphoneos;
				SWIFT_ACTIVE_COMPILATION_CONDITIONS = DEBUG;
				SWIFT_OPTIMIZATION_LEVEL = "-Onone";
			};
			name = Debug;
		};
		FAD467FB254144F9000B6727 /* Release */ = {
			isa = XCBuildConfiguration;
			buildSettings = {
				ALWAYS_SEARCH_USER_PATHS = NO;
				CLANG_ANALYZER_NONNULL = YES;
				CLANG_ANALYZER_NUMBER_OBJECT_CONVERSION = YES_AGGRESSIVE;
				CLANG_CXX_LANGUAGE_STANDARD = "gnu++14";
				CLANG_CXX_LIBRARY = "libc++";
				CLANG_ENABLE_MODULES = YES;
				CLANG_ENABLE_OBJC_ARC = YES;
				CLANG_ENABLE_OBJC_WEAK = YES;
				CLANG_WARN_BLOCK_CAPTURE_AUTORELEASING = YES;
				CLANG_WARN_BOOL_CONVERSION = YES;
				CLANG_WARN_COMMA = YES;
				CLANG_WARN_CONSTANT_CONVERSION = YES;
				CLANG_WARN_DEPRECATED_OBJC_IMPLEMENTATIONS = YES;
				CLANG_WARN_DIRECT_OBJC_ISA_USAGE = YES_ERROR;
				CLANG_WARN_DOCUMENTATION_COMMENTS = YES;
				CLANG_WARN_EMPTY_BODY = YES;
				CLANG_WARN_ENUM_CONVERSION = YES;
				CLANG_WARN_INFINITE_RECURSION = YES;
				CLANG_WARN_INT_CONVERSION = YES;
				CLANG_WARN_NON_LITERAL_NULL_CONVERSION = YES;
				CLANG_WARN_OBJC_IMPLICIT_RETAIN_SELF = YES;
				CLANG_WARN_OBJC_LITERAL_CONVERSION = YES;
				CLANG_WARN_OBJC_ROOT_CLASS = YES_ERROR;
				CLANG_WARN_QUOTED_INCLUDE_IN_FRAMEWORK_HEADER = YES;
				CLANG_WARN_RANGE_LOOP_ANALYSIS = YES;
				CLANG_WARN_STRICT_PROTOTYPES = YES;
				CLANG_WARN_SUSPICIOUS_MOVE = YES;
				CLANG_WARN_UNGUARDED_AVAILABILITY = YES_AGGRESSIVE;
				CLANG_WARN_UNREACHABLE_CODE = YES;
				CLANG_WARN__DUPLICATE_METHOD_MATCH = YES;
				COPY_PHASE_STRIP = NO;
				DEBUG_INFORMATION_FORMAT = "dwarf-with-dsym";
				ENABLE_NS_ASSERTIONS = NO;
				ENABLE_STRICT_OBJC_MSGSEND = YES;
				GCC_C_LANGUAGE_STANDARD = gnu11;
				GCC_NO_COMMON_BLOCKS = YES;
				GCC_WARN_64_TO_32_BIT_CONVERSION = YES;
				GCC_WARN_ABOUT_RETURN_TYPE = YES_ERROR;
				GCC_WARN_UNDECLARED_SELECTOR = YES;
				GCC_WARN_UNINITIALIZED_AUTOS = YES_AGGRESSIVE;
				GCC_WARN_UNUSED_FUNCTION = YES;
				GCC_WARN_UNUSED_VARIABLE = YES;
				IPHONEOS_DEPLOYMENT_TARGET = 14.0;
				MTL_ENABLE_DEBUG_INFO = NO;
				MTL_FAST_MATH = YES;
				SDKROOT = iphoneos;
				SWIFT_COMPILATION_MODE = wholemodule;
				SWIFT_OPTIMIZATION_LEVEL = "-O";
				VALIDATE_PRODUCT = YES;
			};
			name = Release;
		};
		FAD467FD254144F9000B6727 /* Debug */ = {
			isa = XCBuildConfiguration;
			baseConfigurationReference = 5933B778BAC6C03A3331B20B /* Pods-Flix.debug.xcconfig */;
			buildSettings = {
				ASSETCATALOG_COMPILER_APPICON_NAME = AppIcon;
				ASSETCATALOG_COMPILER_GLOBAL_ACCENT_COLOR_NAME = AccentColor;
				CODE_SIGN_STYLE = Automatic;
				INFOPLIST_FILE = Flix/Info.plist;
				LD_RUNPATH_SEARCH_PATHS = (
					"$(inherited)",
					"@executable_path/Frameworks",
				);
				PRODUCT_BUNDLE_IDENTIFIER = codepath.Flix;
				PRODUCT_NAME = "$(TARGET_NAME)";
				SWIFT_VERSION = 5.0;
				TARGETED_DEVICE_FAMILY = "1,2";
			};
			name = Debug;
		};
		FAD467FE254144F9000B6727 /* Release */ = {
			isa = XCBuildConfiguration;
			baseConfigurationReference = 50E476C0D514312438EB9711 /* Pods-Flix.release.xcconfig */;
			buildSettings = {
				ASSETCATALOG_COMPILER_APPICON_NAME = AppIcon;
				ASSETCATALOG_COMPILER_GLOBAL_ACCENT_COLOR_NAME = AccentColor;
				CODE_SIGN_STYLE = Automatic;
				INFOPLIST_FILE = Flix/Info.plist;
				LD_RUNPATH_SEARCH_PATHS = (
					"$(inherited)",
					"@executable_path/Frameworks",
				);
				PRODUCT_BUNDLE_IDENTIFIER = codepath.Flix;
				PRODUCT_NAME = "$(TARGET_NAME)";
				SWIFT_VERSION = 5.0;
				TARGETED_DEVICE_FAMILY = "1,2";
			};
			name = Release;
		};
		FAD46800254144F9000B6727 /* Debug */ = {
			isa = XCBuildConfiguration;
			baseConfigurationReference = 89ED16D361F825FEFD54D649 /* Pods-FlixTests.debug.xcconfig */;
			buildSettings = {
				ALWAYS_EMBED_SWIFT_STANDARD_LIBRARIES = YES;
				BUNDLE_LOADER = "$(TEST_HOST)";
				CODE_SIGN_STYLE = Automatic;
				INFOPLIST_FILE = FlixTests/Info.plist;
				IPHONEOS_DEPLOYMENT_TARGET = 14.0;
				LD_RUNPATH_SEARCH_PATHS = (
					"$(inherited)",
					"@executable_path/Frameworks",
					"@loader_path/Frameworks",
				);
				PRODUCT_BUNDLE_IDENTIFIER = codepath.FlixTests;
				PRODUCT_NAME = "$(TARGET_NAME)";
				SWIFT_VERSION = 5.0;
				TARGETED_DEVICE_FAMILY = "1,2";
				TEST_HOST = "$(BUILT_PRODUCTS_DIR)/Flix.app/Flix";
			};
			name = Debug;
		};
		FAD46801254144F9000B6727 /* Release */ = {
			isa = XCBuildConfiguration;
			baseConfigurationReference = ED1B90B8D29FAA4D44E1EC98 /* Pods-FlixTests.release.xcconfig */;
			buildSettings = {
				ALWAYS_EMBED_SWIFT_STANDARD_LIBRARIES = YES;
				BUNDLE_LOADER = "$(TEST_HOST)";
				CODE_SIGN_STYLE = Automatic;
				INFOPLIST_FILE = FlixTests/Info.plist;
				IPHONEOS_DEPLOYMENT_TARGET = 14.0;
				LD_RUNPATH_SEARCH_PATHS = (
					"$(inherited)",
					"@executable_path/Frameworks",
					"@loader_path/Frameworks",
				);
				PRODUCT_BUNDLE_IDENTIFIER = codepath.FlixTests;
				PRODUCT_NAME = "$(TARGET_NAME)";
				SWIFT_VERSION = 5.0;
				TARGETED_DEVICE_FAMILY = "1,2";
				TEST_HOST = "$(BUILT_PRODUCTS_DIR)/Flix.app/Flix";
			};
			name = Release;
		};
		FAD46803254144F9000B6727 /* Debug */ = {
			isa = XCBuildConfiguration;
			baseConfigurationReference = FA4F5E5851B24559C34FCF0A /* Pods-Flix-FlixUITests.debug.xcconfig */;
			buildSettings = {
				ALWAYS_EMBED_SWIFT_STANDARD_LIBRARIES = YES;
				CODE_SIGN_STYLE = Automatic;
				INFOPLIST_FILE = FlixUITests/Info.plist;
				LD_RUNPATH_SEARCH_PATHS = (
					"$(inherited)",
					"@executable_path/Frameworks",
					"@loader_path/Frameworks",
				);
				PRODUCT_BUNDLE_IDENTIFIER = codepath.FlixUITests;
				PRODUCT_NAME = "$(TARGET_NAME)";
				SWIFT_VERSION = 5.0;
				TARGETED_DEVICE_FAMILY = "1,2";
				TEST_TARGET_NAME = Flix;
			};
			name = Debug;
		};
		FAD46804254144F9000B6727 /* Release */ = {
			isa = XCBuildConfiguration;
			baseConfigurationReference = 47C1C61212E46D74E549A1C9 /* Pods-Flix-FlixUITests.release.xcconfig */;
			buildSettings = {
				ALWAYS_EMBED_SWIFT_STANDARD_LIBRARIES = YES;
				CODE_SIGN_STYLE = Automatic;
				INFOPLIST_FILE = FlixUITests/Info.plist;
				LD_RUNPATH_SEARCH_PATHS = (
					"$(inherited)",
					"@executable_path/Frameworks",
					"@loader_path/Frameworks",
				);
				PRODUCT_BUNDLE_IDENTIFIER = codepath.FlixUITests;
				PRODUCT_NAME = "$(TARGET_NAME)";
				SWIFT_VERSION = 5.0;
				TARGETED_DEVICE_FAMILY = "1,2";
				TEST_TARGET_NAME = Flix;
			};
			name = Release;
		};
/* End XCBuildConfiguration section */

/* Begin XCConfigurationList section */
		FAD467CD254144F4000B6727 /* Build configuration list for PBXProject "Flix" */ = {
			isa = XCConfigurationList;
			buildConfigurations = (
				FAD467FA254144F9000B6727 /* Debug */,
				FAD467FB254144F9000B6727 /* Release */,
			);
			defaultConfigurationIsVisible = 0;
			defaultConfigurationName = Release;
		};
		FAD467FC254144F9000B6727 /* Build configuration list for PBXNativeTarget "Flix" */ = {
			isa = XCConfigurationList;
			buildConfigurations = (
				FAD467FD254144F9000B6727 /* Debug */,
				FAD467FE254144F9000B6727 /* Release */,
			);
			defaultConfigurationIsVisible = 0;
			defaultConfigurationName = Release;
		};
		FAD467FF254144F9000B6727 /* Build configuration list for PBXNativeTarget "FlixTests" */ = {
			isa = XCConfigurationList;
			buildConfigurations = (
				FAD46800254144F9000B6727 /* Debug */,
				FAD46801254144F9000B6727 /* Release */,
			);
			defaultConfigurationIsVisible = 0;
			defaultConfigurationName = Release;
		};
		FAD46802254144F9000B6727 /* Build configuration list for PBXNativeTarget "FlixUITests" */ = {
			isa = XCConfigurationList;
			buildConfigurations = (
				FAD46803254144F9000B6727 /* Debug */,
				FAD46804254144F9000B6727 /* Release */,
			);
			defaultConfigurationIsVisible = 0;
			defaultConfigurationName = Release;
		};
/* End XCConfigurationList section */
	};
	rootObject = FAD467CA254144F4000B6727 /* Project object */;
}
